<Solution>
  <Project Path="SecondBrain.Core/SecondBrain.Core.csproj" />
  <Project Path="SecondBrain.Desktop/SecondBrain.Desktop.csproj" />
  <Project Path="SecondBrain.Infrastructure/SecondBrain.Infrastructure.csproj" />
  <Project Path="SecondBrain.PipelineTest/SecondBrain.PipelineTest.csproj" />
  <Project Path="SecondBrain.Plugins.Sdk/SecondBrain.Plugins.Sdk.csproj" />
  <Project Path="SecondBrain.Plugins/SecondBrain.Plugins.csproj" />
</Solution>
